
Microsoft Visual Studio Solution File, Format Version 12.00
# Visual Studio 15
VisualStudioVersion = 15.0.27703.2035
MinimumVisualStudioVersion = 10.0.40219.1
Project("{9A19103F-16F7-4668-BE54-9A1E7A4F7556}") = "estore.web", "estore.web\estore.web.csproj", "{5BA9540E-8081-4BC9-98D0-7DB182CAE7D0}"
EndProject
Project("{2150E333-8FDC-42A3-9474-1A3956D46DE8}") = "tests", "tests", "{4FC21202-E5A8-4669-84B8-7A1424A55E1C}"
EndProject
Project("{9A19103F-16F7-4668-BE54-9A1E7A4F7556}") = "estore.contracts", "estore.contracts\estore.contracts.csproj", "{B07B50C7-CA13-4152-9E12-084E5E56A5FD}"
EndProject
Global
	GlobalSection(SolutionConfigurationPlatforms) = preSolution
		Debug|Any CPU = Debug|Any CPU
		Release|Any CPU = Release|Any CPU
	EndGlobalSection
	GlobalSection(ProjectConfigurationPlatforms) = postSolution
		{5BA9540E-8081-4BC9-98D0-7DB182CAE7D0}.Debug|Any CPU.ActiveCfg = Debug|Any CPU
		{5BA9540E-8081-4BC9-98D0-7DB182CAE7D0}.Debug|Any CPU.Build.0 = Debug|Any CPU
		{5BA9540E-8081-4BC9-98D0-7DB182CAE7D0}.Release|Any CPU.ActiveCfg = Release|Any CPU
		{5BA9540E-8081-4BC9-98D0-7DB182CAE7D0}.Release|Any CPU.Build.0 = Release|Any CPU
		{B07B50C7-CA13-4152-9E12-084E5E56A5FD}.Debug|Any CPU.ActiveCfg = Debug|Any CPU
		{B07B50C7-CA13-4152-9E12-084E5E56A5FD}.Debug|Any CPU.Build.0 = Debug|Any CPU
		{B07B50C7-CA13-4152-9E12-084E5E56A5FD}.Release|Any CPU.ActiveCfg = Release|Any CPU
		{B07B50C7-CA13-4152-9E12-084E5E56A5FD}.Release|Any CPU.Build.0 = Release|Any CPU
	EndGlobalSection
	GlobalSection(SolutionProperties) = preSolution
		HideSolutionNode = FALSE
	EndGlobalSection
	GlobalSection(ExtensibilityGlobals) = postSolution
		SolutionGuid = {761344D6-1874-4538-AC04-ADBB56A2B4A6}
	EndGlobalSection
EndGlobal
